
Microsoft Visual Studio Solution File, Format Version 12.00
# Visual Studio 15
VisualStudioVersion = 15.0.28010.2016
MinimumVisualStudioVersion = 10.0.40219.1
Project("{FAE04EC0-301F-11D3-BF4B-00C04F79EFBC}") = "WinBleHandler", "WinBleHandler\WinBleHandler.csproj", "{2076E521-5575-4860-9139-54A487D12ADE}"
EndProject
Project("{FAE04EC0-301F-11D3-BF4B-00C04F79EFBC}") = "WinBleHost", "WinBleHost\WinBleHost.csproj", "{BA7A0382-C273-4F36-BF71-269668CB1757}"
EndProject
Global
	GlobalSection(SolutionConfigurationPlatforms) = preSolution
		Debug|Any CPU = Debug|Any CPU
		Debug|ARM = Debug|ARM
		Debug|x64 = Debug|x64
		Debug|x86 = Debug|x86
		Release|Any CPU = Release|Any CPU
		Release|ARM = Release|ARM
		Release|x64 = Release|x64
		Release|x86 = Release|x86
	EndGlobalSection
	GlobalSection(ProjectConfigurationPlatforms) = postSolution
		{2076E521-5575-4860-9139-54A487D12ADE}.Debug|Any CPU.ActiveCfg = Debug|Any CPU
		{2076E521-5575-4860-9139-54A487D12ADE}.Debug|Any CPU.Build.0 = Debug|Any CPU
		{2076E521-5575-4860-9139-54A487D12ADE}.Debug|ARM.ActiveCfg = Debug|Any CPU
		{2076E521-5575-4860-9139-54A487D12ADE}.Debug|ARM.Build.0 = Debug|Any CPU
		{2076E521-5575-4860-9139-54A487D12ADE}.Debug|x64.ActiveCfg = Debug|Any CPU
		{2076E521-5575-4860-9139-54A487D12ADE}.Debug|x64.Build.0 = Debug|Any CPU
		{2076E521-5575-4860-9139-54A487D12ADE}.Debug|x86.ActiveCfg = Debug|Any CPU
		{2076E521-5575-4860-9139-54A487D12ADE}.Debug|x86.Build.0 = Debug|Any CPU
		{2076E521-5575-4860-9139-54A487D12ADE}.Release|Any CPU.ActiveCfg = Release|Any CPU
		{2076E521-5575-4860-9139-54A487D12ADE}.Release|Any CPU.Build.0 = Release|Any CPU
		{2076E521-5575-4860-9139-54A487D12ADE}.Release|ARM.ActiveCfg = Release|Any CPU
		{2076E521-5575-4860-9139-54A487D12ADE}.Release|ARM.Build.0 = Release|Any CPU
		{2076E521-5575-4860-9139-54A487D12ADE}.Release|x64.ActiveCfg = Release|Any CPU
		{2076E521-5575-4860-9139-54A487D12ADE}.Release|x64.Build.0 = Release|Any CPU
		{2076E521-5575-4860-9139-54A487D12ADE}.Release|x86.ActiveCfg = Release|Any CPU
		{2076E521-5575-4860-9139-54A487D12ADE}.Release|x86.Build.0 = Release|Any CPU
		{BA7A0382-C273-4F36-BF71-269668CB1757}.Debug|Any CPU.ActiveCfg = Debug|Any CPU
		{BA7A0382-C273-4F36-BF71-269668CB1757}.Debug|Any CPU.Build.0 = Debug|Any CPU
		{BA7A0382-C273-4F36-BF71-269668CB1757}.Debug|ARM.ActiveCfg = Debug|Any CPU
		{BA7A0382-C273-4F36-BF71-269668CB1757}.Debug|ARM.Build.0 = Debug|Any CPU
		{BA7A0382-C273-4F36-BF71-269668CB1757}.Debug|x64.ActiveCfg = Debug|Any CPU
		{BA7A0382-C273-4F36-BF71-269668CB1757}.Debug|x64.Build.0 = Debug|Any CPU
		{BA7A0382-C273-4F36-BF71-269668CB1757}.Debug|x86.ActiveCfg = Debug|Any CPU
		{BA7A0382-C273-4F36-BF71-269668CB1757}.Debug|x86.Build.0 = Debug|Any CPU
		{BA7A0382-C273-4F36-BF71-269668CB1757}.Release|Any CPU.ActiveCfg = Release|Any CPU
		{BA7A0382-C273-4F36-BF71-269668CB1757}.Release|Any CPU.Build.0 = Release|Any CPU
		{BA7A0382-C273-4F36-BF71-269668CB1757}.Release|ARM.ActiveCfg = Release|Any CPU
		{BA7A0382-C273-4F36-BF71-269668CB1757}.Release|ARM.Build.0 = Release|Any CPU
		{BA7A0382-C273-4F36-BF71-269668CB1757}.Release|x64.ActiveCfg = Release|Any CPU
		{BA7A0382-C273-4F36-BF71-269668CB1757}.Release|x64.Build.0 = Release|Any CPU
		{BA7A0382-C273-4F36-BF71-269668CB1757}.Release|x86.ActiveCfg = Release|Any CPU
		{BA7A0382-C273-4F36-BF71-269668CB1757}.Release|x86.Build.0 = Release|Any CPU
	EndGlobalSection
	GlobalSection(SolutionProperties) = preSolution
		HideSolutionNode = FALSE
	EndGlobalSection
	GlobalSection(ExtensibilityGlobals) = postSolution
		SolutionGuid = {9C997DF7-B259-4F79-8873-CD2071D3ECE5}
	EndGlobalSection
EndGlobal
